
Microsoft Visual Studio Solution File, Format Version 12.00
# Visual Studio Version 16
VisualStudioVersion = 16.0.30907.101
MinimumVisualStudioVersion = 10.0.40219.1
Project("{8BC9CEB8-8B4A-11D0-8D11-00A0C91BC942}") = "Nexus", "Nexus\Nexus.vcxproj", "{E5BEF48C-0460-48CE-B7D0-B2857F59D6AA}"
EndProject
Project("{8BC9CEB8-8B4A-11D0-8D11-00A0C91BC942}") = "Nexus-Utils", "Nexus-Utils\Nexus-Utils.vcxproj", "{85C308E2-D1BC-4BEF-A51F-C3537F3CDDD4}"
EndProject
Project("{8BC9CEB8-8B4A-11D0-8D11-00A0C91BC942}") = "Nexus-SavefileUtility", "Nexus-SavefileUtility\Nexus-SavefileUtility.vcxproj", "{F8B6C4DB-B28E-4E8C-B1B0-2DDFE36BA39E}"
EndProject
Global
	GlobalSection(SolutionConfigurationPlatforms) = preSolution
		Debug|x64 = Debug|x64
		Debug|x86 = Debug|x86
		Release|x64 = Release|x64
		Release|x86 = Release|x86
	EndGlobalSection
	GlobalSection(ProjectConfigurationPlatforms) = postSolution
		{E5BEF48C-0460-48CE-B7D0-B2857F59D6AA}.Debug|x64.ActiveCfg = Debug|x64
		{E5BEF48C-0460-48CE-B7D0-B2857F59D6AA}.Debug|x64.Build.0 = Debug|x64
		{E5BEF48C-0460-48CE-B7D0-B2857F59D6AA}.Debug|x86.ActiveCfg = Debug|Win32
		{E5BEF48C-0460-48CE-B7D0-B2857F59D6AA}.Debug|x86.Build.0 = Debug|Win32
		{E5BEF48C-0460-48CE-B7D0-B2857F59D6AA}.Release|x64.ActiveCfg = Release|x64
		{E5BEF48C-0460-48CE-B7D0-B2857F59D6AA}.Release|x64.Build.0 = Release|x64
		{E5BEF48C-0460-48CE-B7D0-B2857F59D6AA}.Release|x86.ActiveCfg = Release|Win32
		{E5BEF48C-0460-48CE-B7D0-B2857F59D6AA}.Release|x86.Build.0 = Release|Win32
		{85C308E2-D1BC-4BEF-A51F-C3537F3CDDD4}.Debug|x64.ActiveCfg = Debug|x64
		{85C308E2-D1BC-4BEF-A51F-C3537F3CDDD4}.Debug|x64.Build.0 = Debug|x64
		{85C308E2-D1BC-4BEF-A51F-C3537F3CDDD4}.Debug|x86.ActiveCfg = Debug|Win32
		{85C308E2-D1BC-4BEF-A51F-C3537F3CDDD4}.Debug|x86.Build.0 = Debug|Win32
		{85C308E2-D1BC-4BEF-A51F-C3537F3CDDD4}.Release|x64.ActiveCfg = Release|x64
		{85C308E2-D1BC-4BEF-A51F-C3537F3CDDD4}.Release|x64.Build.0 = Release|x64
		{85C308E2-D1BC-4BEF-A51F-C3537F3CDDD4}.Release|x86.ActiveCfg = Release|Win32
		{85C308E2-D1BC-4BEF-A51F-C3537F3CDDD4}.Release|x86.Build.0 = Release|Win32
		{F8B6C4DB-B28E-4E8C-B1B0-2DDFE36BA39E}.Debug|x64.ActiveCfg = Debug|x64
		{F8B6C4DB-B28E-4E8C-B1B0-2DDFE36BA39E}.Debug|x64.Build.0 = Debug|x64
		{F8B6C4DB-B28E-4E8C-B1B0-2DDFE36BA39E}.Debug|x86.ActiveCfg = Debug|Win32
		{F8B6C4DB-B28E-4E8C-B1B0-2DDFE36BA39E}.Debug|x86.Build.0 = Debug|Win32
		{F8B6C4DB-B28E-4E8C-B1B0-2DDFE36BA39E}.Release|x64.ActiveCfg = Release|x64
		{F8B6C4DB-B28E-4E8C-B1B0-2DDFE36BA39E}.Release|x64.Build.0 = Release|x64
		{F8B6C4DB-B28E-4E8C-B1B0-2DDFE36BA39E}.Release|x86.ActiveCfg = Release|Win32
		{F8B6C4DB-B28E-4E8C-B1B0-2DDFE36BA39E}.Release|x86.Build.0 = Release|Win32
	EndGlobalSection
	GlobalSection(SolutionProperties) = preSolution
		HideSolutionNode = FALSE
	EndGlobalSection
	GlobalSection(ExtensibilityGlobals) = postSolution
		SolutionGuid = {DBAE125E-85FD-4B4D-880F-6C9C1BC6C18A}
	EndGlobalSection
EndGlobal
